{
  "requires": true,
  "lockfileVersion": 1,
  "dependencies": {
    "gitbook-plugin-copy-code-button": {
      "version": "0.0.2",
      "resolved": "https://registry.npmjs.org/gitbook-plugin-copy-code-button/-/gitbook-plugin-copy-code-button-0.0.2.tgz",
      "integrity": "sha512-47i/0/HQBb9Z7jSkfSkDuwP8vJw6gEpgvI4HTmuKGK4Vqd7mDIE3h/1HgJocLkqtz1/WwDPoU/vNiG/06J4x/Q=="
    }
  }
}
